<?xml version="1.0" encoding="UTF-8"?>
<Scheme
   version = "1.3">
   <BuildAction>
      <BuildActionEntries>
         <BuildActionEntry
            buildForRunning = "YES">
            <BuildableReference
               BuildableIdentifier = "primary"
               BlueprintIdentifier = "07175DFD2370A265009B9F9D"
               BuildableName = "ScrollViewDemo.app"
               BlueprintName = "ScrollViewDemo"
               ReferencedContainer = "container:ScrollViewDemo.xcodeproj">
            </BuildableReference>
         </BuildActionEntry>
      </BuildActionEntries>
   </BuildAction>
   <LaunchAction
      useCustomWorkingDirectory = "NO"
      buildConfiguration = "Debug"
      allowLocationSimulation = "YES">
      <BuildableProductRunnable>
         <BuildableReference
            BuildableIdentifier = "primary"
            BlueprintIdentifier = "07175DFD2370A265009B9F9D"
            BuildableName = "ScrollViewDemo.app"
            BlueprintName = "ScrollViewDemo"
            ReferencedContainer = "container:ScrollViewDemo.xcodeproj">
         </BuildableReference>
      </BuildableProductRunnable>
   </LaunchAction>
</Scheme>
